
Microsoft Visual Studio Solution File, Format Version 12.00
# Visual Studio Version 17
VisualStudioVersion = 17.7.34031.279
MinimumVisualStudioVersion = 10.0.40219.1
Project("{FAE04EC0-301F-11D3-BF4B-00C04F79EFBC}") = "PMO21PEjercicio1", "PMO21PEjercicio1\PMO21PEjercicio1.csproj", "{D5CCF24D-B467-49F8-96AE-26C12EDD98EC}"
EndProject
Global
	GlobalSection(SolutionConfigurationPlatforms) = preSolution
		Debug|Any CPU = Debug|Any CPU
		Release|Any CPU = Release|Any CPU
	EndGlobalSection
	GlobalSection(ProjectConfigurationPlatforms) = postSolution
		{D5CCF24D-B467-49F8-96AE-26C12EDD98EC}.Debug|Any CPU.ActiveCfg = Debug|Any CPU
		{D5CCF24D-B467-49F8-96AE-26C12EDD98EC}.Debug|Any CPU.Build.0 = Debug|Any CPU
		{D5CCF24D-B467-49F8-96AE-26C12EDD98EC}.Debug|Any CPU.Deploy.0 = Debug|Any CPU
		{D5CCF24D-B467-49F8-96AE-26C12EDD98EC}.Release|Any CPU.ActiveCfg = Release|Any CPU
		{D5CCF24D-B467-49F8-96AE-26C12EDD98EC}.Release|Any CPU.Build.0 = Release|Any CPU
		{D5CCF24D-B467-49F8-96AE-26C12EDD98EC}.Release|Any CPU.Deploy.0 = Release|Any CPU
	EndGlobalSection
	GlobalSection(SolutionProperties) = preSolution
		HideSolutionNode = FALSE
	EndGlobalSection
	GlobalSection(ExtensibilityGlobals) = postSolution
		SolutionGuid = {9E758000-51E2-4994-B654-7C301E72CB27}
	EndGlobalSection
EndGlobal
